
Microsoft Visual Studio Solution File, Format Version 12.00
# Visual Studio 2013
VisualStudioVersion = 12.0.21005.1
MinimumVisualStudioVersion = 10.0.40219.1
Project("{FAE04EC0-301F-11D3-BF4B-00C04F79EFBC}") = "Stock V2", "Stock V2\Stock V2.csproj", "{CA938130-F859-4AD1-91A9-11CF57078580}"
EndProject
Global
	GlobalSection(SolutionConfigurationPlatforms) = preSolution
		Debug|Any CPU = Debug|Any CPU
		Release|Any CPU = Release|Any CPU
	EndGlobalSection
	GlobalSection(ProjectConfigurationPlatforms) = postSolution
		{CA938130-F859-4AD1-91A9-11CF57078580}.Debug|Any CPU.ActiveCfg = Debug|Any CPU
		{CA938130-F859-4AD1-91A9-11CF57078580}.Debug|Any CPU.Build.0 = Debug|Any CPU
		{CA938130-F859-4AD1-91A9-11CF57078580}.Release|Any CPU.ActiveCfg = Release|Any CPU
		{CA938130-F859-4AD1-91A9-11CF57078580}.Release|Any CPU.Build.0 = Release|Any CPU
	EndGlobalSection
	GlobalSection(SolutionProperties) = preSolution
		HideSolutionNode = FALSE
	EndGlobalSection
	GlobalSection(ExtensibilityGlobals) = postSolution
		SolutionGuid = {36B5E207-F5B1-4141-98C3-5AC13FBB15C8}
	EndGlobalSection
EndGlobal
